
Microsoft Visual Studio Solution File, Format Version 12.00
# Visual Studio Version 17
VisualStudioVersion = 17.0.31903.59
MinimumVisualStudioVersion = 10.0.40219.1
Project("{9A19103F-16F7-4668-BE54-9A1E7A4F7556}") = "Issuer", "Issuer\Issuer.csproj", "{A56A5A22-03DD-45BF-A696-47EDBCC91B9A}"
EndProject
Project("{9A19103F-16F7-4668-BE54-9A1E7A4F7556}") = "User", "User\User.csproj", "{15B6C890-84CF-491E-8FA8-CB3CE3FB65B2}"
EndProject
Global
	GlobalSection(SolutionConfigurationPlatforms) = preSolution
		Debug|Any CPU = Debug|Any CPU
		Release|Any CPU = Release|Any CPU
	EndGlobalSection
	GlobalSection(ProjectConfigurationPlatforms) = postSolution
		{A56A5A22-03DD-45BF-A696-47EDBCC91B9A}.Debug|Any CPU.ActiveCfg = Debug|Any CPU
		{A56A5A22-03DD-45BF-A696-47EDBCC91B9A}.Debug|Any CPU.Build.0 = Debug|Any CPU
		{A56A5A22-03DD-45BF-A696-47EDBCC91B9A}.Release|Any CPU.ActiveCfg = Release|Any CPU
		{A56A5A22-03DD-45BF-A696-47EDBCC91B9A}.Release|Any CPU.Build.0 = Release|Any CPU
		{15B6C890-84CF-491E-8FA8-CB3CE3FB65B2}.Debug|Any CPU.ActiveCfg = Debug|Any CPU
		{15B6C890-84CF-491E-8FA8-CB3CE3FB65B2}.Debug|Any CPU.Build.0 = Debug|Any CPU
		{15B6C890-84CF-491E-8FA8-CB3CE3FB65B2}.Release|Any CPU.ActiveCfg = Release|Any CPU
		{15B6C890-84CF-491E-8FA8-CB3CE3FB65B2}.Release|Any CPU.Build.0 = Release|Any CPU
	EndGlobalSection
	GlobalSection(SolutionProperties) = preSolution
		HideSolutionNode = FALSE
	EndGlobalSection
	GlobalSection(ExtensibilityGlobals) = postSolution
		SolutionGuid = {D3F346C3-CB57-4B01-B092-7A0A5D8FFB6E}
	EndGlobalSection
EndGlobal
